
Microsoft Visual Studio Solution File, Format Version 12.00
# Visual Studio Version 17
VisualStudioVersion = 17.4.33110.190
MinimumVisualStudioVersion = 10.0.40219.1
Project("{FAE04EC0-301F-11D3-BF4B-00C04F79EFBC}") = "Todo.API", "Todo.API\Todo.API.csproj", "{442F2833-E436-458C-A217-B3025D425444}"
EndProject
Global
	GlobalSection(SolutionConfigurationPlatforms) = preSolution
		Debug|Any CPU = Debug|Any CPU
		Release|Any CPU = Release|Any CPU
	EndGlobalSection
	GlobalSection(ProjectConfigurationPlatforms) = postSolution
		{442F2833-E436-458C-A217-B3025D425444}.Debug|Any CPU.ActiveCfg = Debug|Any CPU
		{442F2833-E436-458C-A217-B3025D425444}.Debug|Any CPU.Build.0 = Debug|Any CPU
		{442F2833-E436-458C-A217-B3025D425444}.Release|Any CPU.ActiveCfg = Release|Any CPU
		{442F2833-E436-458C-A217-B3025D425444}.Release|Any CPU.Build.0 = Release|Any CPU
	EndGlobalSection
	GlobalSection(SolutionProperties) = preSolution
		HideSolutionNode = FALSE
	EndGlobalSection
	GlobalSection(ExtensibilityGlobals) = postSolution
		SolutionGuid = {138E60B9-2F6C-455B-95FE-0EBA4CEA7C34}
	EndGlobalSection
EndGlobal
